# THIS IS AN AUTOGENERATED FILE. DO NOT EDIT THIS FILE DIRECTLY.
# yarn lockfile v1


echarts-for-react-typescript@^1.2.5:
  version "1.2.5"
  resolved "https://registry.yarnpkg.com/echarts-for-react-typescript/-/echarts-for-react-typescript-1.2.5.tgz#33bf089b2c72d4d218817ac8d8e76e21328c705e"
  integrity sha1-M78Imyxy1NIYgXrI2OduITKMcF4=
  dependencies:
    echarts "~3.5.0"
    element-resize-event "2.0.7"

echarts@~3.5.0:
  version "3.5.4"
  resolved "https://registry.yarnpkg.com/echarts/-/echarts-3.5.4.tgz#f4fb32559711edc56375b06bf1d7628a707ff9e2"
  integrity sha1-9PsyVZcR7cVjdbBr8ddiinB/+eI=
  dependencies:
    zrender "^3.4.4"

element-resize-event@2.0.7:
  version "2.0.7"
  resolved "https://registry.yarnpkg.com/element-resize-event/-/element-resize-event-2.0.7.tgz#8b63953715967cd2241620245573e79e684e07b0"
  integrity sha1-i2OVNxWWfNIkFiAkVXPnnmhOB7A=

zrender@^3.4.4:
  version "3.7.4"
  resolved "https://registry.yarnpkg.com/zrender/-/zrender-3.7.4.tgz#f847d53948481ef6d42906d1ea9aeec7acbefdf2"
  integrity sha512-5Nz7+L1wIoL0+Pp/iOP56jD6eD017qC9VRSgUBheXBiAHgOBJZ4uh4/g6e83acIwa8RKSyZf/FlceKu5ntUuxQ==
